
Microsoft Visual Studio Solution File, Format Version 12.00
# Visual Studio Version 17
VisualStudioVersion = 17.13.35931.197
MinimumVisualStudioVersion = 10.0.40219.1
Project("{FAE04EC0-301F-11D3-BF4B-00C04F79EFBC}") = "EquipmentAccounting", "EquipmentAccounting\EquipmentAccounting.csproj", "{A6E77B0A-538E-4086-A5EF-3C75952CA864}"
EndProject
Project("{FAE04EC0-301F-11D3-BF4B-00C04F79EFBC}") = "mEqiupmentAccounting.Android", "mEqiupmentAccounting\mEqiupmentAccounting.Android\mEqiupmentAccounting.Android.csproj", "{E2F1B263-0144-406B-A91B-6F5EB7E9A61D}"
EndProject
Project("{FAE04EC0-301F-11D3-BF4B-00C04F79EFBC}") = "mEquipmentAccounting", "mEqiupmentAccounting\mEqiupmentAccounting\mEquipmentAccounting.csproj", "{856306FE-E58D-4A85-83D1-8F3B446F7E25}"
EndProject
Global
	GlobalSection(SolutionConfigurationPlatforms) = preSolution
		Debug|Any CPU = Debug|Any CPU
		Release|Any CPU = Release|Any CPU
	EndGlobalSection
	GlobalSection(ProjectConfigurationPlatforms) = postSolution
		{A6E77B0A-538E-4086-A5EF-3C75952CA864}.Debug|Any CPU.ActiveCfg = Debug|Any CPU
		{A6E77B0A-538E-4086-A5EF-3C75952CA864}.Debug|Any CPU.Build.0 = Debug|Any CPU
		{A6E77B0A-538E-4086-A5EF-3C75952CA864}.Release|Any CPU.ActiveCfg = Release|Any CPU
		{A6E77B0A-538E-4086-A5EF-3C75952CA864}.Release|Any CPU.Build.0 = Release|Any CPU
		{E2F1B263-0144-406B-A91B-6F5EB7E9A61D}.Debug|Any CPU.ActiveCfg = Debug|Any CPU
		{E2F1B263-0144-406B-A91B-6F5EB7E9A61D}.Debug|Any CPU.Build.0 = Debug|Any CPU
		{E2F1B263-0144-406B-A91B-6F5EB7E9A61D}.Debug|Any CPU.Deploy.0 = Debug|Any CPU
		{E2F1B263-0144-406B-A91B-6F5EB7E9A61D}.Release|Any CPU.ActiveCfg = Release|Any CPU
		{E2F1B263-0144-406B-A91B-6F5EB7E9A61D}.Release|Any CPU.Build.0 = Release|Any CPU
		{E2F1B263-0144-406B-A91B-6F5EB7E9A61D}.Release|Any CPU.Deploy.0 = Release|Any CPU
		{856306FE-E58D-4A85-83D1-8F3B446F7E25}.Debug|Any CPU.ActiveCfg = Debug|Any CPU
		{856306FE-E58D-4A85-83D1-8F3B446F7E25}.Debug|Any CPU.Build.0 = Debug|Any CPU
		{856306FE-E58D-4A85-83D1-8F3B446F7E25}.Release|Any CPU.ActiveCfg = Release|Any CPU
		{856306FE-E58D-4A85-83D1-8F3B446F7E25}.Release|Any CPU.Build.0 = Release|Any CPU
	EndGlobalSection
	GlobalSection(SolutionProperties) = preSolution
		HideSolutionNode = FALSE
	EndGlobalSection
	GlobalSection(ExtensibilityGlobals) = postSolution
		SolutionGuid = {85E116E4-DB0F-4978-BC46-875EB67EE20F}
	EndGlobalSection
EndGlobal
